// !$*UTF8*$!
{
	archiveVersion = 1;
	classes = {
	};
	objectVersion = 50;
	objects = {

/* Begin PBXBuildFile section */
		5D96E1A3AD0CCF664F03F63A /* Pods_Weibo.framework in Frameworks */ = {isa = PBXBuildFile; fileRef = 63A1DB502D44F86724B18694 /* Pods_Weibo.framework */; };
		64070AD020F59C7B00EC8EDB /* CZRefreshView.swift in Sources */ = {isa = PBXBuildFile; fileRef = 64070ACF20F59C7B00EC8EDB /* CZRefreshView.swift */; };
		64070AD220F59C9000EC8EDB /* CZRefreshView.xib in Resources */ = {isa = PBXBuildFile; fileRef = 64070AD120F59C9000EC8EDB /* CZRefreshView.xib */; };
		64070AD420F59F0100EC8EDB /* CZRefreshControl.swift in Sources */ = {isa = PBXBuildFile; fileRef = 64070AD320F59F0100EC8EDB /* CZRefreshControl.swift */; };
		64070AD720F6082A00EC8EDB /* WBNewFeatureView.swift in Sources */ = {isa = PBXBuildFile; fileRef = 64070AD620F6082900EC8EDB /* WBNewFeatureView.swift */; };
		64070AD920F6094000EC8EDB /* WBNewFeatureView.xib in Resources */ = {isa = PBXBuildFile; fileRef = 64070AD820F6094000EC8EDB /* WBNewFeatureView.xib */; };
		6408A08220DCF39F00ADA004 /* WBStatus.swift in Sources */ = {isa = PBXBuildFile; fileRef = 6408A08120DCF39F00ADA004 /* WBStatus.swift */; };
		6408A08420DCFDC800ADA004 /* Date+Extension.swift in Sources */ = {isa = PBXBuildFile; fileRef = 6408A08320DCFDC800ADA004 /* Date+Extension.swift */; };
		640BC6EA20F48F470084B339 /* CZEmoticonTipView.swift in Sources */ = {isa = PBXBuildFile; fileRef = 640BC6E920F48F460084B339 /* CZEmoticonTipView.swift */; };
		640BC6EC20F4A52D0084B339 /* CZEmoticonToolbar.swift in Sources */ = {isa = PBXBuildFile; fileRef = 640BC6EB20F4A52D0084B339 /* CZEmoticonToolbar.swift */; };
		640E1A0820E47FEC00A2140F /* WBStatusRetweetedCell.xib in Resources */ = {isa = PBXBuildFile; fileRef = 640E1A0720E47FEC00A2140F /* WBStatusRetweetedCell.xib */; };
		640E1A0A20E4C2AE00A2140F /* UIImageView+SDWebImage.swift in Sources */ = {isa = PBXBuildFile; fileRef = 640E1A0920E4C2AD00A2140F /* UIImageView+SDWebImage.swift */; };
		640E1A0C20E4C4B500A2140F /* UIImage+Extension.swift in Sources */ = {isa = PBXBuildFile; fileRef = 640E1A0B20E4C4B500A2140F /* UIImage+Extension.swift */; };
		640E1A0E20E4CC6400A2140F /* WBStatusToolBar.swift in Sources */ = {isa = PBXBuildFile; fileRef = 640E1A0D20E4CC6400A2140F /* WBStatusToolBar.swift */; };
		640E1A1020E4D93E00A2140F /* WBStatusPictureView.swift in Sources */ = {isa = PBXBuildFile; fileRef = 640E1A0F20E4D93E00A2140F /* WBStatusPictureView.swift */; };
		6412E2C020D8AE84001DDBE4 /* WBNetworkManager+Extension.swift in Sources */ = {isa = PBXBuildFile; fileRef = 6412E2BF20D8AE84001DDBE4 /* WBNetworkManager+Extension.swift */; };
		6412E2C420D8AFAD001DDBE4 /* WBUserAccount.swift in Sources */ = {isa = PBXBuildFile; fileRef = 6412E2C320D8AFAD001DDBE4 /* WBUserAccount.swift */; };
		6412E2C620D8DEEA001DDBE4 /* WeiboCommon.swift in Sources */ = {isa = PBXBuildFile; fileRef = 6412E2C520D8DEEA001DDBE4 /* WeiboCommon.swift */; };
		641A6C2D20E3367B00BB07DF /* WBWebViewController.swift in Sources */ = {isa = PBXBuildFile; fileRef = 641A6C2C20E3367B00BB07DF /* WBWebViewController.swift */; };
		641A6C2F20E33AFC00BB07DF /* WBStatusListViewModel.swift in Sources */ = {isa = PBXBuildFile; fileRef = 641A6C2E20E33AFC00BB07DF /* WBStatusListViewModel.swift */; };
		641A6C3120E3619900BB07DF /* WBStatusListDAL.swift in Sources */ = {isa = PBXBuildFile; fileRef = 641A6C3020E3619900BB07DF /* WBStatusListDAL.swift */; };
		64347FED20F355D7004D54C1 /* WBComposeTextView.swift in Sources */ = {isa = PBXBuildFile; fileRef = 64347FEC20F355D7004D54C1 /* WBComposeTextView.swift */; };
		644EFD3520D9F54B00CEDF7A /* WBOAuthViewController.swift in Sources */ = {isa = PBXBuildFile; fileRef = 644EFD3420D9F54B00CEDF7A /* WBOAuthViewController.swift */; };
		6452796D20EF633000E461F1 /* CZEmoticonManager.swift in Sources */ = {isa = PBXBuildFile; fileRef = 6452796320EF633000E461F1 /* CZEmoticonManager.swift */; };
		6452796E20EF633000E461F1 /* HMEmoticon.bundle in Resources */ = {isa = PBXBuildFile; fileRef = 6452796420EF633000E461F1 /* HMEmoticon.bundle */; };
		6452796F20EF633000E461F1 /* CZEmoticon.swift in Sources */ = {isa = PBXBuildFile; fileRef = 6452796620EF633000E461F1 /* CZEmoticon.swift */; };
		6452797020EF633000E461F1 /* CZEmoticonAttachment.swift in Sources */ = {isa = PBXBuildFile; fileRef = 6452796720EF633000E461F1 /* CZEmoticonAttachment.swift */; };
		6452797120EF633000E461F1 /* CZEmoticonCell.swift in Sources */ = {isa = PBXBuildFile; fileRef = 6452796920EF633000E461F1 /* CZEmoticonCell.swift */; };
		6452797220EF633000E461F1 /* CZEmoticonInputView.swift in Sources */ = {isa = PBXBuildFile; fileRef = 6452796A20EF633000E461F1 /* CZEmoticonInputView.swift */; };
		6452797320EF633000E461F1 /* CZEmoticonInputView.xib in Resources */ = {isa = PBXBuildFile; fileRef = 6452796B20EF633000E461F1 /* CZEmoticonInputView.xib */; };
		6452797420EF633000E461F1 /* CZEmoticonLayout.swift in Sources */ = {isa = PBXBuildFile; fileRef = 6452796C20EF633000E461F1 /* CZEmoticonLayout.swift */; };
		6452797620EF643000E461F1 /* CZEmoticonPackage.swift in Sources */ = {isa = PBXBuildFile; fileRef = 6452797520EF643000E461F1 /* CZEmoticonPackage.swift */; };
		64A1118920CFCB46002B7E12 /* AppDelegate.swift in Sources */ = {isa = PBXBuildFile; fileRef = 64A1118820CFCB46002B7E12 /* AppDelegate.swift */; };
		64A1119020CFCB5F002B7E12 /* Assets.xcassets in Resources */ = {isa = PBXBuildFile; fileRef = 64A1118F20CFCB5F002B7E12 /* Assets.xcassets */; };
		64A1119320CFCB5F002B7E12 /* LaunchScreen.storyboard in Resources */ = {isa = PBXBuildFile; fileRef = 64A1119120CFCB5F002B7E12 /* LaunchScreen.storyboard */; };
		64A1119B20CFD58E002B7E12 /* WBBaseViewController.swift in Sources */ = {isa = PBXBuildFile; fileRef = 64A1119A20CFD58E002B7E12 /* WBBaseViewController.swift */; };
		64A1119D20CFD655002B7E12 /* WBMainViewController.swift in Sources */ = {isa = PBXBuildFile; fileRef = 64A1119C20CFD655002B7E12 /* WBMainViewController.swift */; };
		64A1119F20CFD686002B7E12 /* WBNavigationViewController.swift in Sources */ = {isa = PBXBuildFile; fileRef = 64A1119E20CFD686002B7E12 /* WBNavigationViewController.swift */; };
		64ADAF7220E1E40100146A40 /* WBStatusCell.swift in Sources */ = {isa = PBXBuildFile; fileRef = 64ADAF7120E1E40100146A40 /* WBStatusCell.swift */; };
		64ADAF7420E1E73E00146A40 /* WBStatusViewModel.swift in Sources */ = {isa = PBXBuildFile; fileRef = 64ADAF7320E1E73E00146A40 /* WBStatusViewModel.swift */; };
		64ADAF7620E1E90300146A40 /* WBStatusPicture.swift in Sources */ = {isa = PBXBuildFile; fileRef = 64ADAF7520E1E90300146A40 /* WBStatusPicture.swift */; };
		64ADAF7820E20F6C00146A40 /* WBUser.swift in Sources */ = {isa = PBXBuildFile; fileRef = 64ADAF7720E20F6C00146A40 /* WBUser.swift */; };
		64ADAF7A20E235C700146A40 /* WBTitleButton.swift in Sources */ = {isa = PBXBuildFile; fileRef = 64ADAF7920E235C600146A40 /* WBTitleButton.swift */; };
		64B6AB9620EC6BB3006E6126 /* String+Extension.swift in Sources */ = {isa = PBXBuildFile; fileRef = 64B6AB9520EC6BB3006E6126 /* String+Extension.swift */; };
		64B6AB9D20ECAA84006E6126 /* WBComposeTypeView.swift in Sources */ = {isa = PBXBuildFile; fileRef = 64B6AB9C20ECAA84006E6126 /* WBComposeTypeView.swift */; };
		64B6AB9F20ECAA9B006E6126 /* WBComposeTypeView.xib in Resources */ = {isa = PBXBuildFile; fileRef = 64B6AB9E20ECAA9B006E6126 /* WBComposeTypeView.xib */; };
		64B6ABA120ECC56D006E6126 /* WBComposeTypeButton.swift in Sources */ = {isa = PBXBuildFile; fileRef = 64B6ABA020ECC56D006E6126 /* WBComposeTypeButton.swift */; };
		64B6ABA320ECC580006E6126 /* WBComposeTypeButton.xib in Resources */ = {isa = PBXBuildFile; fileRef = 64B6ABA220ECC580006E6126 /* WBComposeTypeButton.xib */; };
		64C299D820D3B7A5008E2327 /* WBVisitorView.swift in Sources */ = {isa = PBXBuildFile; fileRef = 64C299D720D3B7A5008E2327 /* WBVisitorView.swift */; };
		64C88CD220EE0AD2005274BD /* WBComposeViewController.xib in Resources */ = {isa = PBXBuildFile; fileRef = 64C88CD120EE0AD2005274BD /* WBComposeViewController.xib */; };
		64C88CD420EE1964005274BD /* UIDevice+Extension.swift in Sources */ = {isa = PBXBuildFile; fileRef = 64C88CD320EE1964005274BD /* UIDevice+Extension.swift */; };
		64D3B6B920F6F15E00089D66 /* NSArray+Log.m in Sources */ = {isa = PBXBuildFile; fileRef = 64D3B6A220F6F15E00089D66 /* NSArray+Log.m */; };
		64D3B6BA20F6F15E00089D66 /* NSAttributedString+CZAdditon.m in Sources */ = {isa = PBXBuildFile; fileRef = 64D3B6A420F6F15E00089D66 /* NSAttributedString+CZAdditon.m */; };
		64D3B6BB20F6F15E00089D66 /* NSObject+CZRuntime.m in Sources */ = {isa = PBXBuildFile; fileRef = 64D3B6A620F6F15E00089D66 /* NSObject+CZRuntime.m */; };
		64D3B6BC20F6F15E00089D66 /* NSString+CZBase64.m in Sources */ = {isa = PBXBuildFile; fileRef = 64D3B6A820F6F15E00089D66 /* NSString+CZBase64.m */; };
		64D3B6BD20F6F15E00089D66 /* NSString+CZHash.m in Sources */ = {isa = PBXBuildFile; fileRef = 64D3B6AA20F6F15E00089D66 /* NSString+CZHash.m */; };
		64D3B6BE20F6F15E00089D66 /* NSString+CZPath.m in Sources */ = {isa = PBXBuildFile; fileRef = 64D3B6AC20F6F15E00089D66 /* NSString+CZPath.m */; };
		64D3B6BF20F6F15E00089D66 /* UIButton+CZAddition.m in Sources */ = {isa = PBXBuildFile; fileRef = 64D3B6AE20F6F15E00089D66 /* UIButton+CZAddition.m */; };
		64D3B6C020F6F15E00089D66 /* UIColor+CZAddition.m in Sources */ = {isa = PBXBuildFile; fileRef = 64D3B6B020F6F15E00089D66 /* UIColor+CZAddition.m */; };
		64D3B6C120F6F15E00089D66 /* UILabel+CZAddition.m in Sources */ = {isa = PBXBuildFile; fileRef = 64D3B6B220F6F15E00089D66 /* UILabel+CZAddition.m */; };
		64D3B6C220F6F15E00089D66 /* UIScreen+CZAddition.m in Sources */ = {isa = PBXBuildFile; fileRef = 64D3B6B420F6F15E00089D66 /* UIScreen+CZAddition.m */; };
		64D3B6C320F6F15E00089D66 /* UIView+CZAddition.m in Sources */ = {isa = PBXBuildFile; fileRef = 64D3B6B620F6F15E00089D66 /* UIView+CZAddition.m */; };
		64D3B6C420F6F15E00089D66 /* UIViewController+CZAddition.m in Sources */ = {isa = PBXBuildFile; fileRef = 64D3B6B820F6F15E00089D66 /* UIViewController+CZAddition.m */; };
		64D3B6C620F6F94300089D66 /* WBWelcomeView.swift in Sources */ = {isa = PBXBuildFile; fileRef = 64D3B6C520F6F94300089D66 /* WBWelcomeView.swift */; };
		64D3B6C820F6F95200089D66 /* WBWelcomeView.xib in Resources */ = {isa = PBXBuildFile; fileRef = 64D3B6C720F6F95200089D66 /* WBWelcomeView.xib */; };
		64D3B6D220F732D900089D66 /* FFLabel.swift in Sources */ = {isa = PBXBuildFile; fileRef = 64D3B6D120F732D800089D66 /* FFLabel.swift */; };
		64D7A58120D218920017E236 /* UIColor+Extension.swift in Sources */ = {isa = PBXBuildFile; fileRef = 64D7A58020D218920017E236 /* UIColor+Extension.swift */; };
		64D7A58320D25E600017E236 /* UIBarButtonItem+Extension.swift in Sources */ = {isa = PBXBuildFile; fileRef = 64D7A58220D25E600017E236 /* UIBarButtonItem+Extension.swift */; };
		64DA1A6020D0B84800B5F654 /* WBHomeViewController.swift in Sources */ = {isa = PBXBuildFile; fileRef = 64DA1A5F20D0B84800B5F654 /* WBHomeViewController.swift */; };
		64DA1A6220D0B85D00B5F654 /* WBMessageViewController.swift in Sources */ = {isa = PBXBuildFile; fileRef = 64DA1A6120D0B85D00B5F654 /* WBMessageViewController.swift */; };
		64DA1A6420D0B86D00B5F654 /* WBDiscoverViewController.swift in Sources */ = {isa = PBXBuildFile; fileRef = 64DA1A6320D0B86D00B5F654 /* WBDiscoverViewController.swift */; };
		64DA1A6620D0B87F00B5F654 /* WBComposeViewController.swift in Sources */ = {isa = PBXBuildFile; fileRef = 64DA1A6520D0B87F00B5F654 /* WBComposeViewController.swift */; };
		64DA1A6820D0B89000B5F654 /* WBMeViewController.swift in Sources */ = {isa = PBXBuildFile; fileRef = 64DA1A6720D0B89000B5F654 /* WBMeViewController.swift */; };
		64DA1A6C20D0C89B00B5F654 /* WBNetworkManager.swift in Sources */ = {isa = PBXBuildFile; fileRef = 64DA1A6B20D0C89B00B5F654 /* WBNetworkManager.swift */; };
		64DA1A7120D0F90C00B5F654 /* main.json in Resources */ = {isa = PBXBuildFile; fileRef = 64DA1A7020D0F90C00B5F654 /* main.json */; };
		64DA1A7420D0FEBB00B5F654 /* NSObject+Extension.swift in Sources */ = {isa = PBXBuildFile; fileRef = 64DA1A7320D0FEBB00B5F654 /* NSObject+Extension.swift */; };
		64DA1A7620D1006D00B5F654 /* Bundle+Extension.swift in Sources */ = {isa = PBXBuildFile; fileRef = 64DA1A7520D1006D00B5F654 /* Bundle+Extension.swift */; };
		64F8F86720E5FF5E00DA60FB /* WBStatusNormalCell.xib in Resources */ = {isa = PBXBuildFile; fileRef = 64F8F86620E5FF5E00DA60FB /* WBStatusNormalCell.xib */; };
		8D25F70E21AFF0A200B4492B /* Optional+Extension.swift in Sources */ = {isa = PBXBuildFile; fileRef = 8D25F70D21AFF0A200B4492B /* Optional+Extension.swift */; };
		8D5FBE8220E72E4000B5966D /* HMPhotoBrowserController.m in Sources */ = {isa = PBXBuildFile; fileRef = 8D5FBE7820E72E4000B5966D /* HMPhotoBrowserController.m */; };
		8D5FBE8320E72E4000B5966D /* HMPhotoViewerController.m in Sources */ = {isa = PBXBuildFile; fileRef = 8D5FBE7920E72E4000B5966D /* HMPhotoViewerController.m */; };
		8D5FBE8420E72E4000B5966D /* HMPhotoBrowserPhotos.m in Sources */ = {isa = PBXBuildFile; fileRef = 8D5FBE7A20E72E4000B5966D /* HMPhotoBrowserPhotos.m */; };
		8D5FBE8520E72E4000B5966D /* HMPhotoProgressView.m in Sources */ = {isa = PBXBuildFile; fileRef = 8D5FBE7B20E72E4000B5966D /* HMPhotoProgressView.m */; };
		8D5FBE8620E72E4000B5966D /* HMPhotoBrowserAnimator.m in Sources */ = {isa = PBXBuildFile; fileRef = 8D5FBE8020E72E4000B5966D /* HMPhotoBrowserAnimator.m */; };
/* End PBXBuildFile section */

/* Begin PBXFileReference section */
		63A1DB502D44F86724B18694 /* Pods_Weibo.framework */ = {isa = PBXFileReference; explicitFileType = wrapper.framework; includeInIndex = 0; path = Pods_Weibo.framework; sourceTree = BUILT_PRODUCTS_DIR; };
		64070ACF20F59C7B00EC8EDB /* CZRefreshView.swift */ = {isa = PBXFileReference; lastKnownFileType = sourcecode.swift; path = CZRefreshView.swift; sourceTree = "<group>"; };
		64070AD120F59C9000EC8EDB /* CZRefreshView.xib */ = {isa = PBXFileReference; lastKnownFileType = file.xib; path = CZRefreshView.xib; sourceTree = "<group>"; };
		64070AD320F59F0100EC8EDB /* CZRefreshControl.swift */ = {isa = PBXFileReference; lastKnownFileType = sourcecode.swift; path = CZRefreshControl.swift; sourceTree = "<group>"; };
		64070AD620F6082900EC8EDB /* WBNewFeatureView.swift */ = {isa = PBXFileReference; lastKnownFileType = sourcecode.swift; path = WBNewFeatureView.swift; sourceTree = "<group>"; };
		64070AD820F6094000EC8EDB /* WBNewFeatureView.xib */ = {isa = PBXFileReference; lastKnownFileType = file.xib; path = WBNewFeatureView.xib; sourceTree = "<group>"; };
		6408A08120DCF39F00ADA004 /* WBStatus.swift */ = {isa = PBXFileReference; lastKnownFileType = sourcecode.swift; path = WBStatus.swift; sourceTree = "<group>"; };
		6408A08320DCFDC800ADA004 /* Date+Extension.swift */ = {isa = PBXFileReference; lastKnownFileType = sourcecode.swift; path = "Date+Extension.swift"; sourceTree = "<group>"; };
		640BC6E920F48F460084B339 /* CZEmoticonTipView.swift */ = {isa = PBXFileReference; lastKnownFileType = sourcecode.swift; path = CZEmoticonTipView.swift; sourceTree = "<group>"; };
		640BC6EB20F4A52D0084B339 /* CZEmoticonToolbar.swift */ = {isa = PBXFileReference; lastKnownFileType = sourcecode.swift; path = CZEmoticonToolbar.swift; sourceTree = "<group>"; };
		640E1A0720E47FEC00A2140F /* WBStatusRetweetedCell.xib */ = {isa = PBXFileReference; lastKnownFileType = file.xib; path = WBStatusRetweetedCell.xib; sourceTree = "<group>"; };
		640E1A0920E4C2AD00A2140F /* UIImageView+SDWebImage.swift */ = {isa = PBXFileReference; lastKnownFileType = sourcecode.swift; path = "UIImageView+SDWebImage.swift"; sourceTree = "<group>"; };
		640E1A0B20E4C4B500A2140F /* UIImage+Extension.swift */ = {isa = PBXFileReference; lastKnownFileType = sourcecode.swift; path = "UIImage+Extension.swift"; sourceTree = "<group>"; };
		640E1A0D20E4CC6400A2140F /* WBStatusToolBar.swift */ = {isa = PBXFileReference; lastKnownFileType = sourcecode.swift; path = WBStatusToolBar.swift; sourceTree = "<group>"; };
		640E1A0F20E4D93E00A2140F /* WBStatusPictureView.swift */ = {isa = PBXFileReference; lastKnownFileType = sourcecode.swift; path = WBStatusPictureView.swift; sourceTree = "<group>"; };
		6412E2BF20D8AE84001DDBE4 /* WBNetworkManager+Extension.swift */ = {isa = PBXFileReference; lastKnownFileType = sourcecode.swift; path = "WBNetworkManager+Extension.swift"; sourceTree = "<group>"; };
		6412E2C320D8AFAD001DDBE4 /* WBUserAccount.swift */ = {isa = PBXFileReference; lastKnownFileType = sourcecode.swift; path = WBUserAccount.swift; sourceTree = "<group>"; };
		6412E2C520D8DEEA001DDBE4 /* WeiboCommon.swift */ = {isa = PBXFileReference; lastKnownFileType = sourcecode.swift; path = WeiboCommon.swift; sourceTree = "<group>"; };
		641A6C2C20E3367B00BB07DF /* WBWebViewController.swift */ = {isa = PBXFileReference; lastKnownFileType = sourcecode.swift; path = WBWebViewController.swift; sourceTree = "<group>"; };
		641A6C2E20E33AFC00BB07DF /* WBStatusListViewModel.swift */ = {isa = PBXFileReference; lastKnownFileType = sourcecode.swift; path = WBStatusListViewModel.swift; sourceTree = "<group>"; };
		641A6C3020E3619900BB07DF /* WBStatusListDAL.swift */ = {isa = PBXFileReference; lastKnownFileType = sourcecode.swift; path = WBStatusListDAL.swift; sourceTree = "<group>"; };
		64347FEC20F355D7004D54C1 /* WBComposeTextView.swift */ = {isa = PBXFileReference; lastKnownFileType = sourcecode.swift; path = WBComposeTextView.swift; sourceTree = "<group>"; };
		644EFD3420D9F54B00CEDF7A /* WBOAuthViewController.swift */ = {isa = PBXFileReference; lastKnownFileType = sourcecode.swift; path = WBOAuthViewController.swift; sourceTree = "<group>"; };
		6452796320EF633000E461F1 /* CZEmoticonManager.swift */ = {isa = PBXFileReference; fileEncoding = 4; lastKnownFileType = sourcecode.swift; path = CZEmoticonManager.swift; sourceTree = "<group>"; };
		6452796420EF633000E461F1 /* HMEmoticon.bundle */ = {isa = PBXFileReference; lastKnownFileType = "wrapper.plug-in"; path = HMEmoticon.bundle; sourceTree = "<group>"; };
		6452796620EF633000E461F1 /* CZEmoticon.swift */ = {isa = PBXFileReference; fileEncoding = 4; lastKnownFileType = sourcecode.swift; path = CZEmoticon.swift; sourceTree = "<group>"; };
		6452796720EF633000E461F1 /* CZEmoticonAttachment.swift */ = {isa = PBXFileReference; fileEncoding = 4; lastKnownFileType = sourcecode.swift; path = CZEmoticonAttachment.swift; sourceTree = "<group>"; };
		6452796920EF633000E461F1 /* CZEmoticonCell.swift */ = {isa = PBXFileReference; fileEncoding = 4; lastKnownFileType = sourcecode.swift; path = CZEmoticonCell.swift; sourceTree = "<group>"; };
		6452796A20EF633000E461F1 /* CZEmoticonInputView.swift */ = {isa = PBXFileReference; fileEncoding = 4; lastKnownFileType = sourcecode.swift; path = CZEmoticonInputView.swift; sourceTree = "<group>"; };
		6452796B20EF633000E461F1 /* CZEmoticonInputView.xib */ = {isa = PBXFileReference; fileEncoding = 4; lastKnownFileType = file.xib; path = CZEmoticonInputView.xib; sourceTree = "<group>"; };
		6452796C20EF633000E461F1 /* CZEmoticonLayout.swift */ = {isa = PBXFileReference; fileEncoding = 4; lastKnownFileType = sourcecode.swift; path = CZEmoticonLayout.swift; sourceTree = "<group>"; };
		6452797520EF643000E461F1 /* CZEmoticonPackage.swift */ = {isa = PBXFileReference; lastKnownFileType = sourcecode.swift; path = CZEmoticonPackage.swift; sourceTree = "<group>"; };
		64A1118520CFCB46002B7E12 /* Weibo.app */ = {isa = PBXFileReference; explicitFileType = wrapper.application; includeInIndex = 0; path = Weibo.app; sourceTree = BUILT_PRODUCTS_DIR; };
		64A1118820CFCB46002B7E12 /* AppDelegate.swift */ = {isa = PBXFileReference; lastKnownFileType = sourcecode.swift; path = AppDelegate.swift; sourceTree = "<group>"; };
		64A1118F20CFCB5F002B7E12 /* Assets.xcassets */ = {isa = PBXFileReference; lastKnownFileType = folder.assetcatalog; path = Assets.xcassets; sourceTree = "<group>"; };
		64A1119220CFCB5F002B7E12 /* Base */ = {isa = PBXFileReference; lastKnownFileType = file.storyboard; name = Base; path = Base.lproj/LaunchScreen.storyboard; sourceTree = "<group>"; };
		64A1119420CFCB5F002B7E12 /* Info.plist */ = {isa = PBXFileReference; lastKnownFileType = text.plist.xml; path = Info.plist; sourceTree = "<group>"; };
		64A1119A20CFD58E002B7E12 /* WBBaseViewController.swift */ = {isa = PBXFileReference; lastKnownFileType = sourcecode.swift; path = WBBaseViewController.swift; sourceTree = "<group>"; };
		64A1119C20CFD655002B7E12 /* WBMainViewController.swift */ = {isa = PBXFileReference; lastKnownFileType = sourcecode.swift; path = WBMainViewController.swift; sourceTree = "<group>"; };
		64A1119E20CFD686002B7E12 /* WBNavigationViewController.swift */ = {isa = PBXFileReference; lastKnownFileType = sourcecode.swift; path = WBNavigationViewController.swift; sourceTree = "<group>"; };
		64ADAF7120E1E40100146A40 /* WBStatusCell.swift */ = {isa = PBXFileReference; lastKnownFileType = sourcecode.swift; path = WBStatusCell.swift; sourceTree = "<group>"; };
		64ADAF7320E1E73E00146A40 /* WBStatusViewModel.swift */ = {isa = PBXFileReference; lastKnownFileType = sourcecode.swift; path = WBStatusViewModel.swift; sourceTree = "<group>"; };
		64ADAF7520E1E90300146A40 /* WBStatusPicture.swift */ = {isa = PBXFileReference; lastKnownFileType = sourcecode.swift; path = WBStatusPicture.swift; sourceTree = "<group>"; };
		64ADAF7720E20F6C00146A40 /* WBUser.swift */ = {isa = PBXFileReference; lastKnownFileType = sourcecode.swift; path = WBUser.swift; sourceTree = "<group>"; };
		64ADAF7920E235C600146A40 /* WBTitleButton.swift */ = {isa = PBXFileReference; lastKnownFileType = sourcecode.swift; path = WBTitleButton.swift; sourceTree = "<group>"; };
		64B6AB9520EC6BB3006E6126 /* String+Extension.swift */ = {isa = PBXFileReference; lastKnownFileType = sourcecode.swift; path = "String+Extension.swift"; sourceTree = "<group>"; };
		64B6AB9C20ECAA84006E6126 /* WBComposeTypeView.swift */ = {isa = PBXFileReference; lastKnownFileType = sourcecode.swift; path = WBComposeTypeView.swift; sourceTree = "<group>"; };
		64B6AB9E20ECAA9B006E6126 /* WBComposeTypeView.xib */ = {isa = PBXFileReference; lastKnownFileType = file.xib; path = WBComposeTypeView.xib; sourceTree = "<group>"; };
		64B6ABA020ECC56D006E6126 /* WBComposeTypeButton.swift */ = {isa = PBXFileReference; lastKnownFileType = sourcecode.swift; path = WBComposeTypeButton.swift; sourceTree = "<group>"; };
		64B6ABA220ECC580006E6126 /* WBComposeTypeButton.xib */ = {isa = PBXFileReference; lastKnownFileType = file.xib; path = WBComposeTypeButton.xib; sourceTree = "<group>"; };
		64C299D720D3B7A5008E2327 /* WBVisitorView.swift */ = {isa = PBXFileReference; lastKnownFileType = sourcecode.swift; path = WBVisitorView.swift; sourceTree = "<group>"; };
		64C88CD120EE0AD2005274BD /* WBComposeViewController.xib */ = {isa = PBXFileReference; lastKnownFileType = file.xib; path = WBComposeViewController.xib; sourceTree = "<group>"; };
		64C88CD320EE1964005274BD /* UIDevice+Extension.swift */ = {isa = PBXFileReference; lastKnownFileType = sourcecode.swift; path = "UIDevice+Extension.swift"; sourceTree = "<group>"; };
		64D3B6A020F6F15E00089D66 /* CZAdditions.h */ = {isa = PBXFileReference; fileEncoding = 4; lastKnownFileType = sourcecode.c.h; path = CZAdditions.h; sourceTree = "<group>"; };
		64D3B6A120F6F15E00089D66 /* NSArray+Log.h */ = {isa = PBXFileReference; fileEncoding = 4; lastKnownFileType = sourcecode.c.h; path = "NSArray+Log.h"; sourceTree = "<group>"; };
		64D3B6A220F6F15E00089D66 /* NSArray+Log.m */ = {isa = PBXFileReference; fileEncoding = 4; lastKnownFileType = sourcecode.c.objc; path = "NSArray+Log.m"; sourceTree = "<group>"; };
		64D3B6A320F6F15E00089D66 /* NSAttributedString+CZAdditon.h */ = {isa = PBXFileReference; fileEncoding = 4; lastKnownFileType = sourcecode.c.h; path = "NSAttributedString+CZAdditon.h"; sourceTree = "<group>"; };
		64D3B6A420F6F15E00089D66 /* NSAttributedString+CZAdditon.m */ = {isa = PBXFileReference; fileEncoding = 4; lastKnownFileType = sourcecode.c.objc; path = "NSAttributedString+CZAdditon.m"; sourceTree = "<group>"; };
		64D3B6A520F6F15E00089D66 /* NSObject+CZRuntime.h */ = {isa = PBXFileReference; fileEncoding = 4; lastKnownFileType = sourcecode.c.h; path = "NSObject+CZRuntime.h"; sourceTree = "<group>"; };
		64D3B6A620F6F15E00089D66 /* NSObject+CZRuntime.m */ = {isa = PBXFileReference; fileEncoding = 4; lastKnownFileType = sourcecode.c.objc; path = "NSObject+CZRuntime.m"; sourceTree = "<group>"; };
		64D3B6A720F6F15E00089D66 /* NSString+CZBase64.h */ = {isa = PBXFileReference; fileEncoding = 4; lastKnownFileType = sourcecode.c.h; path = "NSString+CZBase64.h"; sourceTree = "<group>"; };
		64D3B6A820F6F15E00089D66 /* NSString+CZBase64.m */ = {isa = PBXFileReference; fileEncoding = 4; lastKnownFileType = sourcecode.c.objc; path = "NSString+CZBase64.m"; sourceTree = "<group>"; };
		64D3B6A920F6F15E00089D66 /* NSString+CZHash.h */ = {isa = PBXFileReference; fileEncoding = 4; lastKnownFileType = sourcecode.c.h; path = "NSString+CZHash.h"; sourceTree = "<group>"; };
		64D3B6AA20F6F15E00089D66 /* NSString+CZHash.m */ = {isa = PBXFileReference; fileEncoding = 4; lastKnownFileType = sourcecode.c.objc; path = "NSString+CZHash.m"; sourceTree = "<group>"; };
		64D3B6AB20F6F15E00089D66 /* NSString+CZPath.h */ = {isa = PBXFileReference; fileEncoding = 4; lastKnownFileType = sourcecode.c.h; path = "NSString+CZPath.h"; sourceTree = "<group>"; };
		64D3B6AC20F6F15E00089D66 /* NSString+CZPath.m */ = {isa = PBXFileReference; fileEncoding = 4; lastKnownFileType = sourcecode.c.objc; path = "NSString+CZPath.m"; sourceTree = "<group>"; };
		64D3B6AD20F6F15E00089D66 /* UIButton+CZAddition.h */ = {isa = PBXFileReference; fileEncoding = 4; lastKnownFileType = sourcecode.c.h; path = "UIButton+CZAddition.h"; sourceTree = "<group>"; };
		64D3B6AE20F6F15E00089D66 /* UIButton+CZAddition.m */ = {isa = PBXFileReference; fileEncoding = 4; lastKnownFileType = sourcecode.c.objc; path = "UIButton+CZAddition.m"; sourceTree = "<group>"; };
		64D3B6AF20F6F15E00089D66 /* UIColor+CZAddition.h */ = {isa = PBXFileReference; fileEncoding = 4; lastKnownFileType = sourcecode.c.h; path = "UIColor+CZAddition.h"; sourceTree = "<group>"; };
		64D3B6B020F6F15E00089D66 /* UIColor+CZAddition.m */ = {isa = PBXFileReference; fileEncoding = 4; lastKnownFileType = sourcecode.c.objc; path = "UIColor+CZAddition.m"; sourceTree = "<group>"; };
		64D3B6B120F6F15E00089D66 /* UILabel+CZAddition.h */ = {isa = PBXFileReference; fileEncoding = 4; lastKnownFileType = sourcecode.c.h; path = "UILabel+CZAddition.h"; sourceTree = "<group>"; };
		64D3B6B220F6F15E00089D66 /* UILabel+CZAddition.m */ = {isa = PBXFileReference; fileEncoding = 4; lastKnownFileType = sourcecode.c.objc; path = "UILabel+CZAddition.m"; sourceTree = "<group>"; };
		64D3B6B320F6F15E00089D66 /* UIScreen+CZAddition.h */ = {isa = PBXFileReference; fileEncoding = 4; lastKnownFileType = sourcecode.c.h; path = "UIScreen+CZAddition.h"; sourceTree = "<group>"; };
		64D3B6B420F6F15E00089D66 /* UIScreen+CZAddition.m */ = {isa = PBXFileReference; fileEncoding = 4; lastKnownFileType = sourcecode.c.objc; path = "UIScreen+CZAddition.m"; sourceTree = "<group>"; };
		64D3B6B520F6F15E00089D66 /* UIView+CZAddition.h */ = {isa = PBXFileReference; fileEncoding = 4; lastKnownFileType = sourcecode.c.h; path = "UIView+CZAddition.h"; sourceTree = "<group>"; };
		64D3B6B620F6F15E00089D66 /* UIView+CZAddition.m */ = {isa = PBXFileReference; fileEncoding = 4; lastKnownFileType = sourcecode.c.objc; path = "UIView+CZAddition.m"; sourceTree = "<group>"; };
		64D3B6B720F6F15E00089D66 /* UIViewController+CZAddition.h */ = {isa = PBXFileReference; fileEncoding = 4; lastKnownFileType = sourcecode.c.h; path = "UIViewController+CZAddition.h"; sourceTree = "<group>"; };
		64D3B6B820F6F15E00089D66 /* UIViewController+CZAddition.m */ = {isa = PBXFileReference; fileEncoding = 4; lastKnownFileType = sourcecode.c.objc; path = "UIViewController+CZAddition.m"; sourceTree = "<group>"; };
		64D3B6C520F6F94300089D66 /* WBWelcomeView.swift */ = {isa = PBXFileReference; lastKnownFileType = sourcecode.swift; path = WBWelcomeView.swift; sourceTree = "<group>"; };
		64D3B6C720F6F95200089D66 /* WBWelcomeView.xib */ = {isa = PBXFileReference; lastKnownFileType = file.xib; path = WBWelcomeView.xib; sourceTree = "<group>"; };
		64D3B6D120F732D800089D66 /* FFLabel.swift */ = {isa = PBXFileReference; fileEncoding = 4; lastKnownFileType = sourcecode.swift; path = FFLabel.swift; sourceTree = "<group>"; };
		64D7A58020D218920017E236 /* UIColor+Extension.swift */ = {isa = PBXFileReference; lastKnownFileType = sourcecode.swift; path = "UIColor+Extension.swift"; sourceTree = "<group>"; };
		64D7A58220D25E600017E236 /* UIBarButtonItem+Extension.swift */ = {isa = PBXFileReference; lastKnownFileType = sourcecode.swift; path = "UIBarButtonItem+Extension.swift"; sourceTree = "<group>"; };
		64DA1A5F20D0B84800B5F654 /* WBHomeViewController.swift */ = {isa = PBXFileReference; lastKnownFileType = sourcecode.swift; path = WBHomeViewController.swift; sourceTree = "<group>"; };
		64DA1A6120D0B85D00B5F654 /* WBMessageViewController.swift */ = {isa = PBXFileReference; lastKnownFileType = sourcecode.swift; path = WBMessageViewController.swift; sourceTree = "<group>"; };
		64DA1A6320D0B86D00B5F654 /* WBDiscoverViewController.swift */ = {isa = PBXFileReference; lastKnownFileType = sourcecode.swift; path = WBDiscoverViewController.swift; sourceTree = "<group>"; };
		64DA1A6520D0B87F00B5F654 /* WBComposeViewController.swift */ = {isa = PBXFileReference; lastKnownFileType = sourcecode.swift; path = WBComposeViewController.swift; sourceTree = "<group>"; };
		64DA1A6720D0B89000B5F654 /* WBMeViewController.swift */ = {isa = PBXFileReference; lastKnownFileType = sourcecode.swift; path = WBMeViewController.swift; sourceTree = "<group>"; };
		64DA1A6B20D0C89B00B5F654 /* WBNetworkManager.swift */ = {isa = PBXFileReference; lastKnownFileType = sourcecode.swift; path = WBNetworkManager.swift; sourceTree = "<group>"; };
		64DA1A7020D0F90C00B5F654 /* main.json */ = {isa = PBXFileReference; fileEncoding = 4; lastKnownFileType = text.json; path = main.json; sourceTree = "<group>"; };
		64DA1A7320D0FEBB00B5F654 /* NSObject+Extension.swift */ = {isa = PBXFileReference; lastKnownFileType = sourcecode.swift; path = "NSObject+Extension.swift"; sourceTree = "<group>"; };
		64DA1A7520D1006D00B5F654 /* Bundle+Extension.swift */ = {isa = PBXFileReference; lastKnownFileType = sourcecode.swift; path = "Bundle+Extension.swift"; sourceTree = "<group>"; };
		64F8F86620E5FF5E00DA60FB /* WBStatusNormalCell.xib */ = {isa = PBXFileReference; lastKnownFileType = file.xib; path = WBStatusNormalCell.xib; sourceTree = "<group>"; };
		8D25F70D21AFF0A200B4492B /* Optional+Extension.swift */ = {isa = PBXFileReference; lastKnownFileType = sourcecode.swift; path = "Optional+Extension.swift"; sourceTree = "<group>"; };
		8D5FBE7820E72E4000B5966D /* HMPhotoBrowserController.m */ = {isa = PBXFileReference; fileEncoding = 4; lastKnownFileType = sourcecode.c.objc; path = HMPhotoBrowserController.m; sourceTree = "<group>"; };
		8D5FBE7920E72E4000B5966D /* HMPhotoViewerController.m */ = {isa = PBXFileReference; fileEncoding = 4; lastKnownFileType = sourcecode.c.objc; path = HMPhotoViewerController.m; sourceTree = "<group>"; };
		8D5FBE7A20E72E4000B5966D /* HMPhotoBrowserPhotos.m */ = {isa = PBXFileReference; fileEncoding = 4; lastKnownFileType = sourcecode.c.objc; path = HMPhotoBrowserPhotos.m; sourceTree = "<group>"; };
		8D5FBE7B20E72E4000B5966D /* HMPhotoProgressView.m */ = {isa = PBXFileReference; fileEncoding = 4; lastKnownFileType = sourcecode.c.objc; path = HMPhotoProgressView.m; sourceTree = "<group>"; };
		8D5FBE7C20E72E4000B5966D /* HMPhotoBrowserAnimator.h */ = {isa = PBXFileReference; fileEncoding = 4; lastKnownFileType = sourcecode.c.h; path = HMPhotoBrowserAnimator.h; sourceTree = "<group>"; };
		8D5FBE7D20E72E4000B5966D /* HMPhotoBrowserController.h */ = {isa = PBXFileReference; fileEncoding = 4; lastKnownFileType = sourcecode.c.h; path = HMPhotoBrowserController.h; sourceTree = "<group>"; };
		8D5FBE7E20E72E4000B5966D /* HMPhotoViewerController.h */ = {isa = PBXFileReference; fileEncoding = 4; lastKnownFileType = sourcecode.c.h; path = HMPhotoViewerController.h; sourceTree = "<group>"; };
		8D5FBE7F20E72E4000B5966D /* HMPhotoBrowserPhotos.h */ = {isa = PBXFileReference; fileEncoding = 4; lastKnownFileType = sourcecode.c.h; path = HMPhotoBrowserPhotos.h; sourceTree = "<group>"; };
		8D5FBE8020E72E4000B5966D /* HMPhotoBrowserAnimator.m */ = {isa = PBXFileReference; fileEncoding = 4; lastKnownFileType = sourcecode.c.objc; path = HMPhotoBrowserAnimator.m; sourceTree = "<group>"; };
		8D5FBE8120E72E4000B5966D /* HMPhotoProgressView.h */ = {isa = PBXFileReference; fileEncoding = 4; lastKnownFileType = sourcecode.c.h; path = HMPhotoProgressView.h; sourceTree = "<group>"; };
		8D5FBE8C20E7393600B5966D /* Weibo-Bridge.h */ = {isa = PBXFileReference; fileEncoding = 4; lastKnownFileType = sourcecode.c.h; path = "Weibo-Bridge.h"; sourceTree = "<group>"; };
		92AC53811D27D9D552DF496B /* Pods-Weibo.release.xcconfig */ = {isa = PBXFileReference; includeInIndex = 1; lastKnownFileType = text.xcconfig; name = "Pods-Weibo.release.xcconfig"; path = "Pods/Target Support Files/Pods-Weibo/Pods-Weibo.release.xcconfig"; sourceTree = "<group>"; };
		D0C31826F36A1AD21C831A87 /* Pods-Weibo.debug.xcconfig */ = {isa = PBXFileReference; includeInIndex = 1; lastKnownFileType = text.xcconfig; name = "Pods-Weibo.debug.xcconfig"; path = "Pods/Target Support Files/Pods-Weibo/Pods-Weibo.debug.xcconfig"; sourceTree = "<group>"; };
/* End PBXFileReference section */

/* Begin PBXFrameworksBuildPhase section */
		64A1118220CFCB46002B7E12 /* Frameworks */ = {
			isa = PBXFrameworksBuildPhase;
			buildActionMask = 2147483647;
			files = (
				5D96E1A3AD0CCF664F03F63A /* Pods_Weibo.framework in Frameworks */,
			);
			runOnlyForDeploymentPostprocessing = 0;
		};
/* End PBXFrameworksBuildPhase section */

/* Begin PBXGroup section */
		64070ACE20F5995000EC8EDB /* CZRefreshControl */ = {
			isa = PBXGroup;
			children = (
				64070AD320F59F0100EC8EDB /* CZRefreshControl.swift */,
				64070ACF20F59C7B00EC8EDB /* CZRefreshView.swift */,
				64070AD120F59C9000EC8EDB /* CZRefreshView.xib */,
			);
			path = CZRefreshControl;
			sourceTree = "<group>";
		};
		64070AD520F607C000EC8EDB /* NewFeature(新特性) */ = {
			isa = PBXGroup;
			children = (
				64070AD620F6082900EC8EDB /* WBNewFeatureView.swift */,
				64070AD820F6094000EC8EDB /* WBNewFeatureView.xib */,
				64D3B6C520F6F94300089D66 /* WBWelcomeView.swift */,
				64D3B6C720F6F95200089D66 /* WBWelcomeView.xib */,
			);
			path = "NewFeature(新特性)";
			sourceTree = "<group>";
		};
		6412E2C120D8AF7F001DDBE4 /* Model(模型) */ = {
			isa = PBXGroup;
			children = (
				6412E2C320D8AFAD001DDBE4 /* WBUserAccount.swift */,
				6408A08120DCF39F00ADA004 /* WBStatus.swift */,
				64ADAF7520E1E90300146A40 /* WBStatusPicture.swift */,
				64ADAF7720E20F6C00146A40 /* WBUser.swift */,
			);
			path = "Model(模型)";
			sourceTree = "<group>";
		};
		6412E2C220D8AF87001DDBE4 /* ViewModel(视图模型) */ = {
			isa = PBXGroup;
			children = (
				64ADAF7320E1E73E00146A40 /* WBStatusViewModel.swift */,
				641A6C2E20E33AFC00BB07DF /* WBStatusListViewModel.swift */,
				641A6C3020E3619900BB07DF /* WBStatusListDAL.swift */,
			);
			path = "ViewModel(视图模型)";
			sourceTree = "<group>";
		};
		64347FEA20F3557A004D54C1 /* ComposeType */ = {
			isa = PBXGroup;
			children = (
				64B6AB9C20ECAA84006E6126 /* WBComposeTypeView.swift */,
				64B6AB9E20ECAA9B006E6126 /* WBComposeTypeView.xib */,
				64B6ABA020ECC56D006E6126 /* WBComposeTypeButton.swift */,
				64B6ABA220ECC580006E6126 /* WBComposeTypeButton.xib */,
			);
			path = ComposeType;
			sourceTree = "<group>";
		};
		64347FEB20F3558F004D54C1 /* View */ = {
			isa = PBXGroup;
			children = (
				64347FEC20F355D7004D54C1 /* WBComposeTextView.swift */,
			);
			path = View;
			sourceTree = "<group>";
		};
		6452796120EF633000E461F1 /* UI */ = {
			isa = PBXGroup;
			children = (
				64D3B6D020F732D800089D66 /* FFLabel */,
				64070ACE20F5995000EC8EDB /* CZRefreshControl */,
				6452796220EF633000E461F1 /* Emoticon */,
			);
			path = UI;
			sourceTree = "<group>";
		};
		6452796220EF633000E461F1 /* Emoticon */ = {
			isa = PBXGroup;
			children = (
				6452796320EF633000E461F1 /* CZEmoticonManager.swift */,
				6452796420EF633000E461F1 /* HMEmoticon.bundle */,
				6452796520EF633000E461F1 /* Model */,
				6452796820EF633000E461F1 /* View */,
			);
			path = Emoticon;
			sourceTree = "<group>";
		};
		6452796520EF633000E461F1 /* Model */ = {
			isa = PBXGroup;
			children = (
				6452796620EF633000E461F1 /* CZEmoticon.swift */,
				6452796720EF633000E461F1 /* CZEmoticonAttachment.swift */,
				6452797520EF643000E461F1 /* CZEmoticonPackage.swift */,
			);
			path = Model;
			sourceTree = "<group>";
		};
		6452796820EF633000E461F1 /* View */ = {
			isa = PBXGroup;
			children = (
				6452796920EF633000E461F1 /* CZEmoticonCell.swift */,
				6452796A20EF633000E461F1 /* CZEmoticonInputView.swift */,
				6452796B20EF633000E461F1 /* CZEmoticonInputView.xib */,
				6452796C20EF633000E461F1 /* CZEmoticonLayout.swift */,
				640BC6E920F48F460084B339 /* CZEmoticonTipView.swift */,
				640BC6EB20F4A52D0084B339 /* CZEmoticonToolbar.swift */,
			);
			path = View;
			sourceTree = "<group>";
		};
		64A1117C20CFCB45002B7E12 = {
			isa = PBXGroup;
			children = (
				64A1118720CFCB46002B7E12 /* Weibo */,
				64A1118620CFCB46002B7E12 /* Products */,
				81D06AF3BAA7C14931B57FA7 /* Pods */,
				A8B3E73C1A934F645F6C2030 /* Frameworks */,
			);
			sourceTree = "<group>";
		};
		64A1118620CFCB46002B7E12 /* Products */ = {
			isa = PBXGroup;
			children = (
				64A1118520CFCB46002B7E12 /* Weibo.app */,
			);
			name = Products;
			sourceTree = "<group>";
		};
		64A1118720CFCB46002B7E12 /* Weibo */ = {
			isa = PBXGroup;
			children = (
				64A1118820CFCB46002B7E12 /* AppDelegate.swift */,
				8D5FBE8C20E7393600B5966D /* Weibo-Bridge.h */,
				64D3B6C920F726B400089D66 /* View(视图和控制器) */,
				6412E2C220D8AF87001DDBE4 /* ViewModel(视图模型) */,
				6412E2C120D8AF7F001DDBE4 /* Model(模型) */,
				64DA1A6A20D0C87A00B5F654 /* Toos(工具) */,
				64A111A120CFD6B3002B7E12 /* Base(基础类) */,
				64A111A220CFDBC6002B7E12 /* Resources */,
			);
			path = Weibo;
			sourceTree = "<group>";
		};
		64A111A120CFD6B3002B7E12 /* Base(基础类) */ = {
			isa = PBXGroup;
			children = (
				64A1119A20CFD58E002B7E12 /* WBBaseViewController.swift */,
				64A1119E20CFD686002B7E12 /* WBNavigationViewController.swift */,
			);
			path = "Base(基础类)";
			sourceTree = "<group>";
		};
		64A111A220CFDBC6002B7E12 /* Resources */ = {
			isa = PBXGroup;
			children = (
				64DA1A7020D0F90C00B5F654 /* main.json */,
				64A1118F20CFCB5F002B7E12 /* Assets.xcassets */,
				64A1119120CFCB5F002B7E12 /* LaunchScreen.storyboard */,
				64A1119420CFCB5F002B7E12 /* Info.plist */,
			);
			path = Resources;
			sourceTree = "<group>";
		};
		64A111A320CFDBD4002B7E12 /* Home(首页) */ = {
			isa = PBXGroup;
			children = (
				64D3B6CE20F72A9000089D66 /* StatusCell */,
				64D3B6CF20F72AB700089D66 /* TitleButton */,
				64DA1A5F20D0B84800B5F654 /* WBHomeViewController.swift */,
				641A6C2C20E3367B00BB07DF /* WBWebViewController.swift */,
			);
			path = "Home(首页)";
			sourceTree = "<group>";
		};
		64A111A420CFDBD9002B7E12 /* Message */ = {
			isa = PBXGroup;
			children = (
				64DA1A6120D0B85D00B5F654 /* WBMessageViewController.swift */,
			);
			path = Message;
			sourceTree = "<group>";
		};
		64A111A520CFDBE6002B7E12 /* Discover */ = {
			isa = PBXGroup;
			children = (
				64DA1A6320D0B86D00B5F654 /* WBDiscoverViewController.swift */,
			);
			path = Discover;
			sourceTree = "<group>";
		};
		64A111A620CFDBF7002B7E12 /* Compose(撰写微博) */ = {
			isa = PBXGroup;
			children = (
				64347FEB20F3558F004D54C1 /* View */,
				64347FEA20F3557A004D54C1 /* ComposeType */,
				64DA1A6520D0B87F00B5F654 /* WBComposeViewController.swift */,
				64C88CD120EE0AD2005274BD /* WBComposeViewController.xib */,
			);
			path = "Compose(撰写微博)";
			sourceTree = "<group>";
		};
		64D3B69F20F6F15E00089D66 /* Additions */ = {
			isa = PBXGroup;
			children = (
				64D3B6A020F6F15E00089D66 /* CZAdditions.h */,
				64D3B6A120F6F15E00089D66 /* NSArray+Log.h */,
				64D3B6A220F6F15E00089D66 /* NSArray+Log.m */,
				64D3B6A320F6F15E00089D66 /* NSAttributedString+CZAdditon.h */,
				64D3B6A420F6F15E00089D66 /* NSAttributedString+CZAdditon.m */,
				64D3B6A520F6F15E00089D66 /* NSObject+CZRuntime.h */,
				64D3B6A620F6F15E00089D66 /* NSObject+CZRuntime.m */,
				64D3B6A720F6F15E00089D66 /* NSString+CZBase64.h */,
				64D3B6A820F6F15E00089D66 /* NSString+CZBase64.m */,
				64D3B6A920F6F15E00089D66 /* NSString+CZHash.h */,
				64D3B6AA20F6F15E00089D66 /* NSString+CZHash.m */,
				64D3B6AB20F6F15E00089D66 /* NSString+CZPath.h */,
				64D3B6AC20F6F15E00089D66 /* NSString+CZPath.m */,
				64D3B6AD20F6F15E00089D66 /* UIButton+CZAddition.h */,
				64D3B6AE20F6F15E00089D66 /* UIButton+CZAddition.m */,
				64D3B6AF20F6F15E00089D66 /* UIColor+CZAddition.h */,
				64D3B6B020F6F15E00089D66 /* UIColor+CZAddition.m */,
				64D3B6B120F6F15E00089D66 /* UILabel+CZAddition.h */,
				64D3B6B220F6F15E00089D66 /* UILabel+CZAddition.m */,
				64D3B6B320F6F15E00089D66 /* UIScreen+CZAddition.h */,
				64D3B6B420F6F15E00089D66 /* UIScreen+CZAddition.m */,
				64D3B6B520F6F15E00089D66 /* UIView+CZAddition.h */,
				64D3B6B620F6F15E00089D66 /* UIView+CZAddition.m */,
				64D3B6B720F6F15E00089D66 /* UIViewController+CZAddition.h */,
				64D3B6B820F6F15E00089D66 /* UIViewController+CZAddition.m */,
			);
			path = Additions;
			sourceTree = "<group>";
		};
		64D3B6C920F726B400089D66 /* View(视图和控制器) */ = {
			isa = PBXGroup;
			children = (
				64D3B6CA20F7287D00089D66 /* Main(主要的) */,
				64A111A320CFDBD4002B7E12 /* Home(首页) */,
				64A111A620CFDBF7002B7E12 /* Compose(撰写微博) */,
				64A111A420CFDBD9002B7E12 /* Message */,
				64A111A520CFDBE6002B7E12 /* Discover */,
				64DA1A5E20D0B4C300B5F654 /* Me */,
			);
			path = "View(视图和控制器)";
			sourceTree = "<group>";
		};
		64D3B6CA20F7287D00089D66 /* Main(主要的) */ = {
			isa = PBXGroup;
			children = (
				64D3B6CD20F729CE00089D66 /* VisitorView(访客视图) */,
				64D3B6CB20F7296000089D66 /* 主控制器 */,
				64D3B6CC20F7298900089D66 /* OAuth(授权) */,
				64070AD520F607C000EC8EDB /* NewFeature(新特性) */,
			);
			path = "Main(主要的)";
			sourceTree = "<group>";
		};
		64D3B6CB20F7296000089D66 /* 主控制器 */ = {
			isa = PBXGroup;
			children = (
				64A1119C20CFD655002B7E12 /* WBMainViewController.swift */,
			);
			path = "主控制器";
			sourceTree = "<group>";
		};
		64D3B6CC20F7298900089D66 /* OAuth(授权) */ = {
			isa = PBXGroup;
			children = (
				644EFD3420D9F54B00CEDF7A /* WBOAuthViewController.swift */,
			);
			path = "OAuth(授权)";
			sourceTree = "<group>";
		};
		64D3B6CD20F729CE00089D66 /* VisitorView(访客视图) */ = {
			isa = PBXGroup;
			children = (
				64C299D720D3B7A5008E2327 /* WBVisitorView.swift */,
			);
			path = "VisitorView(访客视图)";
			sourceTree = "<group>";
		};
		64D3B6CE20F72A9000089D66 /* StatusCell */ = {
			isa = PBXGroup;
			children = (
				64ADAF7120E1E40100146A40 /* WBStatusCell.swift */,
				640E1A0720E47FEC00A2140F /* WBStatusRetweetedCell.xib */,
				64F8F86620E5FF5E00DA60FB /* WBStatusNormalCell.xib */,
				640E1A0D20E4CC6400A2140F /* WBStatusToolBar.swift */,
				640E1A0F20E4D93E00A2140F /* WBStatusPictureView.swift */,
			);
			path = StatusCell;
			sourceTree = "<group>";
		};
		64D3B6CF20F72AB700089D66 /* TitleButton */ = {
			isa = PBXGroup;
			children = (
				64ADAF7920E235C600146A40 /* WBTitleButton.swift */,
			);
			path = TitleButton;
			sourceTree = "<group>";
		};
		64D3B6D020F732D800089D66 /* FFLabel */ = {
			isa = PBXGroup;
			children = (
				64D3B6D120F732D800089D66 /* FFLabel.swift */,
			);
			path = FFLabel;
			sourceTree = "<group>";
		};
		64DA1A5E20D0B4C300B5F654 /* Me */ = {
			isa = PBXGroup;
			children = (
				64DA1A6720D0B89000B5F654 /* WBMeViewController.swift */,
			);
			path = Me;
			sourceTree = "<group>";
		};
		64DA1A6A20D0C87A00B5F654 /* Toos(工具) */ = {
			isa = PBXGroup;
			children = (
				64D3B69F20F6F15E00089D66 /* Additions */,
				8DF48BA420E68FD7006E1DD1 /* Vender */,
				64DA1A7220D0FE2900B5F654 /* Extension */,
				6452796120EF633000E461F1 /* UI */,
				64DA1A6D20D0F25900B5F654 /* Network */,
				6412E2C520D8DEEA001DDBE4 /* WeiboCommon.swift */,
			);
			path = "Toos(工具)";
			sourceTree = "<group>";
		};
		64DA1A6D20D0F25900B5F654 /* Network */ = {
			isa = PBXGroup;
			children = (
				64DA1A6B20D0C89B00B5F654 /* WBNetworkManager.swift */,
				6412E2BF20D8AE84001DDBE4 /* WBNetworkManager+Extension.swift */,
			);
			path = Network;
			sourceTree = "<group>";
		};
		64DA1A7220D0FE2900B5F654 /* Extension */ = {
			isa = PBXGroup;
			children = (
				64DA1A7320D0FEBB00B5F654 /* NSObject+Extension.swift */,
				64DA1A7520D1006D00B5F654 /* Bundle+Extension.swift */,
				64D7A58020D218920017E236 /* UIColor+Extension.swift */,
				64D7A58220D25E600017E236 /* UIBarButtonItem+Extension.swift */,
				6408A08320DCFDC800ADA004 /* Date+Extension.swift */,
				640E1A0920E4C2AD00A2140F /* UIImageView+SDWebImage.swift */,
				640E1A0B20E4C4B500A2140F /* UIImage+Extension.swift */,
				64B6AB9520EC6BB3006E6126 /* String+Extension.swift */,
				64C88CD320EE1964005274BD /* UIDevice+Extension.swift */,
				8D25F70D21AFF0A200B4492B /* Optional+Extension.swift */,
			);
			path = Extension;
			sourceTree = "<group>";
		};
		81D06AF3BAA7C14931B57FA7 /* Pods */ = {
			isa = PBXGroup;
			children = (
				D0C31826F36A1AD21C831A87 /* Pods-Weibo.debug.xcconfig */,
				92AC53811D27D9D552DF496B /* Pods-Weibo.release.xcconfig */,
			);
			name = Pods;
			sourceTree = "<group>";
		};
		8D5FBE7720E72E4000B5966D /* PhotoBrowser */ = {
			isa = PBXGroup;
			children = (
				8D5FBE7820E72E4000B5966D /* HMPhotoBrowserController.m */,
				8D5FBE7920E72E4000B5966D /* HMPhotoViewerController.m */,
				8D5FBE7A20E72E4000B5966D /* HMPhotoBrowserPhotos.m */,
				8D5FBE7B20E72E4000B5966D /* HMPhotoProgressView.m */,
				8D5FBE7C20E72E4000B5966D /* HMPhotoBrowserAnimator.h */,
				8D5FBE7D20E72E4000B5966D /* HMPhotoBrowserController.h */,
				8D5FBE7E20E72E4000B5966D /* HMPhotoViewerController.h */,
				8D5FBE7F20E72E4000B5966D /* HMPhotoBrowserPhotos.h */,
				8D5FBE8020E72E4000B5966D /* HMPhotoBrowserAnimator.m */,
				8D5FBE8120E72E4000B5966D /* HMPhotoProgressView.h */,
			);
			path = PhotoBrowser;
			sourceTree = "<group>";
		};
		8DF48BA420E68FD7006E1DD1 /* Vender */ = {
			isa = PBXGroup;
			children = (
				8D5FBE7720E72E4000B5966D /* PhotoBrowser */,
			);
			path = Vender;
			sourceTree = "<group>";
		};
		A8B3E73C1A934F645F6C2030 /* Frameworks */ = {
			isa = PBXGroup;
			children = (
				63A1DB502D44F86724B18694 /* Pods_Weibo.framework */,
			);
			name = Frameworks;
			sourceTree = "<group>";
		};
/* End PBXGroup section */

/* Begin PBXNativeTarget section */
		64A1118420CFCB46002B7E12 /* Weibo */ = {
			isa = PBXNativeTarget;
			buildConfigurationList = 64A1119720CFCB5F002B7E12 /* Build configuration list for PBXNativeTarget "Weibo" */;
			buildPhases = (
				8F373C77857972D7D39E1A66 /* [CP] Check Pods Manifest.lock */,
				64A1118120CFCB46002B7E12 /* Sources */,
				64A1118220CFCB46002B7E12 /* Frameworks */,
				64A1118320CFCB46002B7E12 /* Resources */,
				5DCA5E5AB703DDA4C334F379 /* [CP] Embed Pods Frameworks */,
			);
			buildRules = (
			);
			dependencies = (
			);
			name = Weibo;
			productName = Weibo;
			productReference = 64A1118520CFCB46002B7E12 /* Weibo.app */;
			productType = "com.apple.product-type.application";
		};
/* End PBXNativeTarget section */

/* Begin PBXProject section */
		64A1117D20CFCB45002B7E12 /* Project object */ = {
			isa = PBXProject;
			attributes = {
				CLASSPREFIX = WB;
				LastSwiftUpdateCheck = 0940;
				LastUpgradeCheck = 0940;
				ORGANIZATIONNAME = WB;
				TargetAttributes = {
					64A1118420CFCB46002B7E12 = {
						CreatedOnToolsVersion = 9.4;
					};
				};
			};
			buildConfigurationList = 64A1118020CFCB46002B7E12 /* Build configuration list for PBXProject "Weibo" */;
			compatibilityVersion = "Xcode 9.3";
			developmentRegion = en;
			hasScannedForEncodings = 0;
			knownRegions = (
				en,
				Base,
			);
			mainGroup = 64A1117C20CFCB45002B7E12;
			productRefGroup = 64A1118620CFCB46002B7E12 /* Products */;
			projectDirPath = "";
			projectRoot = "";
			targets = (
				64A1118420CFCB46002B7E12 /* Weibo */,
			);
		};
/* End PBXProject section */

/* Begin PBXResourcesBuildPhase section */
		64A1118320CFCB46002B7E12 /* Resources */ = {
			isa = PBXResourcesBuildPhase;
			buildActionMask = 2147483647;
			files = (
				64070AD220F59C9000EC8EDB /* CZRefreshView.xib in Resources */,
				6452797320EF633000E461F1 /* CZEmoticonInputView.xib in Resources */,
				64B6ABA320ECC580006E6126 /* WBComposeTypeButton.xib in Resources */,
				64DA1A7120D0F90C00B5F654 /* main.json in Resources */,
				64D3B6C820F6F95200089D66 /* WBWelcomeView.xib in Resources */,
				64C88CD220EE0AD2005274BD /* WBComposeViewController.xib in Resources */,
				640E1A0820E47FEC00A2140F /* WBStatusRetweetedCell.xib in Resources */,
				64F8F86720E5FF5E00DA60FB /* WBStatusNormalCell.xib in Resources */,
				64070AD920F6094000EC8EDB /* WBNewFeatureView.xib in Resources */,
				64A1119320CFCB5F002B7E12 /* LaunchScreen.storyboard in Resources */,
				64B6AB9F20ECAA9B006E6126 /* WBComposeTypeView.xib in Resources */,
				6452796E20EF633000E461F1 /* HMEmoticon.bundle in Resources */,
				64A1119020CFCB5F002B7E12 /* Assets.xcassets in Resources */,
			);
			runOnlyForDeploymentPostprocessing = 0;
		};
/* End PBXResourcesBuildPhase section */

/* Begin PBXShellScriptBuildPhase section */
		5DCA5E5AB703DDA4C334F379 /* [CP] Embed Pods Frameworks */ = {
			isa = PBXShellScriptBuildPhase;
			buildActionMask = 2147483647;
			files = (
			);
			inputPaths = (
				"${SRCROOT}/Pods/Target Support Files/Pods-Weibo/Pods-Weibo-frameworks.sh",
				"${BUILT_PRODUCTS_DIR}/Alamofire/Alamofire.framework",
				"${BUILT_PRODUCTS_DIR}/FMDB/FMDB.framework",
				"${BUILT_PRODUCTS_DIR}/Kingfisher/Kingfisher.framework",
				"${BUILT_PRODUCTS_DIR}/SDWebImage/SDWebImage.framework",
				"${BUILT_PRODUCTS_DIR}/SKPhotoBrowser/SKPhotoBrowser.framework",
				"${BUILT_PRODUCTS_DIR}/SVProgressHUD/SVProgressHUD.framework",
				"${BUILT_PRODUCTS_DIR}/SnapKit/SnapKit.framework",
				"${BUILT_PRODUCTS_DIR}/YYModel/YYModel.framework",
				"${BUILT_PRODUCTS_DIR}/pop/pop.framework",
			);
			name = "[CP] Embed Pods Frameworks";
			outputPaths = (
				"${TARGET_BUILD_DIR}/${FRAMEWORKS_FOLDER_PATH}/Alamofire.framework",
				"${TARGET_BUILD_DIR}/${FRAMEWORKS_FOLDER_PATH}/FMDB.framework",
				"${TARGET_BUILD_DIR}/${FRAMEWORKS_FOLDER_PATH}/Kingfisher.framework",
				"${TARGET_BUILD_DIR}/${FRAMEWORKS_FOLDER_PATH}/SDWebImage.framework",
				"${TARGET_BUILD_DIR}/${FRAMEWORKS_FOLDER_PATH}/SKPhotoBrowser.framework",
				"${TARGET_BUILD_DIR}/${FRAMEWORKS_FOLDER_PATH}/SVProgressHUD.framework",
				"${TARGET_BUILD_DIR}/${FRAMEWORKS_FOLDER_PATH}/SnapKit.framework",
				"${TARGET_BUILD_DIR}/${FRAMEWORKS_FOLDER_PATH}/YYModel.framework",
				"${TARGET_BUILD_DIR}/${FRAMEWORKS_FOLDER_PATH}/pop.framework",
			);
			runOnlyForDeploymentPostprocessing = 0;
			shellPath = /bin/sh;
			shellScript = "\"${SRCROOT}/Pods/Target Support Files/Pods-Weibo/Pods-Weibo-frameworks.sh\"\n";
			showEnvVarsInLog = 0;
		};
		8F373C77857972D7D39E1A66 /* [CP] Check Pods Manifest.lock */ = {
			isa = PBXShellScriptBuildPhase;
			buildActionMask = 2147483647;
			files = (
			);
			inputPaths = (
				"${PODS_PODFILE_DIR_PATH}/Podfile.lock",
				"${PODS_ROOT}/Manifest.lock",
			);
			name = "[CP] Check Pods Manifest.lock";
			outputPaths = (
				"$(DERIVED_FILE_DIR)/Pods-Weibo-checkManifestLockResult.txt",
			);
			runOnlyForDeploymentPostprocessing = 0;
			shellPath = /bin/sh;
			shellScript = "diff \"${PODS_PODFILE_DIR_PATH}/Podfile.lock\" \"${PODS_ROOT}/Manifest.lock\" > /dev/null\nif [ $? != 0 ] ; then\n    # print error to STDERR\n    echo \"error: The sandbox is not in sync with the Podfile.lock. Run 'pod install' or update your CocoaPods installation.\" >&2\n    exit 1\nfi\n# This output is used by Xcode 'outputs' to avoid re-running this script phase.\necho \"SUCCESS\" > \"${SCRIPT_OUTPUT_FILE_0}\"\n";
			showEnvVarsInLog = 0;
		};
/* End PBXShellScriptBuildPhase section */

/* Begin PBXSourcesBuildPhase section */
		64A1118120CFCB46002B7E12 /* Sources */ = {
			isa = PBXSourcesBuildPhase;
			buildActionMask = 2147483647;
			files = (
				64D3B6C020F6F15E00089D66 /* UIColor+CZAddition.m in Sources */,
				64DA1A6420D0B86D00B5F654 /* WBDiscoverViewController.swift in Sources */,
				6452797020EF633000E461F1 /* CZEmoticonAttachment.swift in Sources */,
				64ADAF7820E20F6C00146A40 /* WBUser.swift in Sources */,
				64D3B6C320F6F15E00089D66 /* UIView+CZAddition.m in Sources */,
				6408A08420DCFDC800ADA004 /* Date+Extension.swift in Sources */,
				64DA1A6C20D0C89B00B5F654 /* WBNetworkManager.swift in Sources */,
				6412E2C620D8DEEA001DDBE4 /* WeiboCommon.swift in Sources */,
				641A6C2F20E33AFC00BB07DF /* WBStatusListViewModel.swift in Sources */,
				64C299D820D3B7A5008E2327 /* WBVisitorView.swift in Sources */,
				64B6AB9D20ECAA84006E6126 /* WBComposeTypeView.swift in Sources */,
				64D3B6B920F6F15E00089D66 /* NSArray+Log.m in Sources */,
				6452797620EF643000E461F1 /* CZEmoticonPackage.swift in Sources */,
				640E1A0A20E4C2AE00A2140F /* UIImageView+SDWebImage.swift in Sources */,
				64B6AB9620EC6BB3006E6126 /* String+Extension.swift in Sources */,
				6412E2C420D8AFAD001DDBE4 /* WBUserAccount.swift in Sources */,
				64D3B6BD20F6F15E00089D66 /* NSString+CZHash.m in Sources */,
				64DA1A6820D0B89000B5F654 /* WBMeViewController.swift in Sources */,
				64D3B6C120F6F15E00089D66 /* UILabel+CZAddition.m in Sources */,
				6452796D20EF633000E461F1 /* CZEmoticonManager.swift in Sources */,
				64DA1A7620D1006D00B5F654 /* Bundle+Extension.swift in Sources */,
				64B6ABA120ECC56D006E6126 /* WBComposeTypeButton.swift in Sources */,
				8D5FBE8520E72E4000B5966D /* HMPhotoProgressView.m in Sources */,
				644EFD3520D9F54B00CEDF7A /* WBOAuthViewController.swift in Sources */,
				64070AD720F6082A00EC8EDB /* WBNewFeatureView.swift in Sources */,
				64D3B6BF20F6F15E00089D66 /* UIButton+CZAddition.m in Sources */,
				8D5FBE8620E72E4000B5966D /* HMPhotoBrowserAnimator.m in Sources */,
				64D3B6D220F732D900089D66 /* FFLabel.swift in Sources */,
				64ADAF7A20E235C700146A40 /* WBTitleButton.swift in Sources */,
				64DA1A6220D0B85D00B5F654 /* WBMessageViewController.swift in Sources */,
				6452796F20EF633000E461F1 /* CZEmoticon.swift in Sources */,
				64ADAF7420E1E73E00146A40 /* WBStatusViewModel.swift in Sources */,
				640BC6EA20F48F470084B339 /* CZEmoticonTipView.swift in Sources */,
				641A6C2D20E3367B00BB07DF /* WBWebViewController.swift in Sources */,
				64A1119B20CFD58E002B7E12 /* WBBaseViewController.swift in Sources */,
				64347FED20F355D7004D54C1 /* WBComposeTextView.swift in Sources */,
				64D7A58120D218920017E236 /* UIColor+Extension.swift in Sources */,
				6452797120EF633000E461F1 /* CZEmoticonCell.swift in Sources */,
				64DA1A6020D0B84800B5F654 /* WBHomeViewController.swift in Sources */,
				64C88CD420EE1964005274BD /* UIDevice+Extension.swift in Sources */,
				64DA1A6620D0B87F00B5F654 /* WBComposeViewController.swift in Sources */,
				641A6C3120E3619900BB07DF /* WBStatusListDAL.swift in Sources */,
				64D3B6C620F6F94300089D66 /* WBWelcomeView.swift in Sources */,
				640BC6EC20F4A52D0084B339 /* CZEmoticonToolbar.swift in Sources */,
				6452797420EF633000E461F1 /* CZEmoticonLayout.swift in Sources */,
				64D3B6BC20F6F15E00089D66 /* NSString+CZBase64.m in Sources */,
				64A1119F20CFD686002B7E12 /* WBNavigationViewController.swift in Sources */,
				64A1119D20CFD655002B7E12 /* WBMainViewController.swift in Sources */,
				64D3B6C220F6F15E00089D66 /* UIScreen+CZAddition.m in Sources */,
				640E1A0E20E4CC6400A2140F /* WBStatusToolBar.swift in Sources */,
				64A1118920CFCB46002B7E12 /* AppDelegate.swift in Sources */,
				6408A08220DCF39F00ADA004 /* WBStatus.swift in Sources */,
				6412E2C020D8AE84001DDBE4 /* WBNetworkManager+Extension.swift in Sources */,
				640E1A0C20E4C4B500A2140F /* UIImage+Extension.swift in Sources */,
				8D5FBE8420E72E4000B5966D /* HMPhotoBrowserPhotos.m in Sources */,
				64DA1A7420D0FEBB00B5F654 /* NSObject+Extension.swift in Sources */,
				64ADAF7220E1E40100146A40 /* WBStatusCell.swift in Sources */,
				64070AD020F59C7B00EC8EDB /* CZRefreshView.swift in Sources */,
				64D3B6BA20F6F15E00089D66 /* NSAttributedString+CZAdditon.m in Sources */,
				64D3B6BB20F6F15E00089D66 /* NSObject+CZRuntime.m in Sources */,
				6452797220EF633000E461F1 /* CZEmoticonInputView.swift in Sources */,
				64070AD420F59F0100EC8EDB /* CZRefreshControl.swift in Sources */,
				64D3B6C420F6F15E00089D66 /* UIViewController+CZAddition.m in Sources */,
				8D5FBE8220E72E4000B5966D /* HMPhotoBrowserController.m in Sources */,
				64ADAF7620E1E90300146A40 /* WBStatusPicture.swift in Sources */,
				8D5FBE8320E72E4000B5966D /* HMPhotoViewerController.m in Sources */,
				64D3B6BE20F6F15E00089D66 /* NSString+CZPath.m in Sources */,
				8D25F70E21AFF0A200B4492B /* Optional+Extension.swift in Sources */,
				640E1A1020E4D93E00A2140F /* WBStatusPictureView.swift in Sources */,
				64D7A58320D25E600017E236 /* UIBarButtonItem+Extension.swift in Sources */,
			);
			runOnlyForDeploymentPostprocessing = 0;
		};
/* End PBXSourcesBuildPhase section */

/* Begin PBXVariantGroup section */
		64A1119120CFCB5F002B7E12 /* LaunchScreen.storyboard */ = {
			isa = PBXVariantGroup;
			children = (
				64A1119220CFCB5F002B7E12 /* Base */,
			);
			name = LaunchScreen.storyboard;
			sourceTree = "<group>";
		};
/* End PBXVariantGroup section */

/* Begin XCBuildConfiguration section */
		64A1119520CFCB5F002B7E12 /* Debug */ = {
			isa = XCBuildConfiguration;
			buildSettings = {
				ALWAYS_SEARCH_USER_PATHS = NO;
				CLANG_ANALYZER_NONNULL = YES;
				CLANG_ANALYZER_NUMBER_OBJECT_CONVERSION = YES_AGGRESSIVE;
				CLANG_CXX_LANGUAGE_STANDARD = "gnu++14";
				CLANG_CXX_LIBRARY = "libc++";
				CLANG_ENABLE_MODULES = YES;
				CLANG_ENABLE_OBJC_ARC = YES;
				CLANG_ENABLE_OBJC_WEAK = YES;
				CLANG_WARN_BLOCK_CAPTURE_AUTORELEASING = YES;
				CLANG_WARN_BOOL_CONVERSION = YES;
				CLANG_WARN_COMMA = YES;
				CLANG_WARN_CONSTANT_CONVERSION = YES;
				CLANG_WARN_DEPRECATED_OBJC_IMPLEMENTATIONS = YES;
				CLANG_WARN_DIRECT_OBJC_ISA_USAGE = YES_ERROR;
				CLANG_WARN_DOCUMENTATION_COMMENTS = YES;
				CLANG_WARN_EMPTY_BODY = YES;
				CLANG_WARN_ENUM_CONVERSION = YES;
				CLANG_WARN_INFINITE_RECURSION = YES;
				CLANG_WARN_INT_CONVERSION = YES;
				CLANG_WARN_NON_LITERAL_NULL_CONVERSION = YES;
				CLANG_WARN_OBJC_IMPLICIT_RETAIN_SELF = YES;
				CLANG_WARN_OBJC_LITERAL_CONVERSION = YES;
				CLANG_WARN_OBJC_ROOT_CLASS = YES_ERROR;
				CLANG_WARN_RANGE_LOOP_ANALYSIS = YES;
				CLANG_WARN_STRICT_PROTOTYPES = YES;
				CLANG_WARN_SUSPICIOUS_MOVE = YES;
				CLANG_WARN_UNGUARDED_AVAILABILITY = YES_AGGRESSIVE;
				CLANG_WARN_UNREACHABLE_CODE = YES;
				CLANG_WARN__DUPLICATE_METHOD_MATCH = YES;
				CODE_SIGN_IDENTITY = "iPhone Developer";
				COPY_PHASE_STRIP = NO;
				DEBUG_INFORMATION_FORMAT = dwarf;
				ENABLE_STRICT_OBJC_MSGSEND = YES;
				ENABLE_TESTABILITY = YES;
				GCC_C_LANGUAGE_STANDARD = gnu11;
				GCC_DYNAMIC_NO_PIC = NO;
				GCC_NO_COMMON_BLOCKS = YES;
				GCC_OPTIMIZATION_LEVEL = 0;
				GCC_PREPROCESSOR_DEFINITIONS = (
					"DEBUG=1",
					"$(inherited)",
				);
				GCC_WARN_64_TO_32_BIT_CONVERSION = YES;
				GCC_WARN_ABOUT_RETURN_TYPE = YES_ERROR;
				GCC_WARN_UNDECLARED_SELECTOR = YES;
				GCC_WARN_UNINITIALIZED_AUTOS = YES_AGGRESSIVE;
				GCC_WARN_UNUSED_FUNCTION = YES;
				GCC_WARN_UNUSED_VARIABLE = YES;
				IPHONEOS_DEPLOYMENT_TARGET = 8.0;
				MTL_ENABLE_DEBUG_INFO = YES;
				ONLY_ACTIVE_ARCH = YES;
				SDKROOT = iphoneos;
				SWIFT_ACTIVE_COMPILATION_CONDITIONS = DEBUG;
				SWIFT_OPTIMIZATION_LEVEL = "-Onone";
			};
			name = Debug;
		};
		64A1119620CFCB5F002B7E12 /* Release */ = {
			isa = XCBuildConfiguration;
			buildSettings = {
				ALWAYS_SEARCH_USER_PATHS = NO;
				CLANG_ANALYZER_NONNULL = YES;
				CLANG_ANALYZER_NUMBER_OBJECT_CONVERSION = YES_AGGRESSIVE;
				CLANG_CXX_LANGUAGE_STANDARD = "gnu++14";
				CLANG_CXX_LIBRARY = "libc++";
				CLANG_ENABLE_MODULES = YES;
				CLANG_ENABLE_OBJC_ARC = YES;
				CLANG_ENABLE_OBJC_WEAK = YES;
				CLANG_WARN_BLOCK_CAPTURE_AUTORELEASING = YES;
				CLANG_WARN_BOOL_CONVERSION = YES;
				CLANG_WARN_COMMA = YES;
				CLANG_WARN_CONSTANT_CONVERSION = YES;
				CLANG_WARN_DEPRECATED_OBJC_IMPLEMENTATIONS = YES;
				CLANG_WARN_DIRECT_OBJC_ISA_USAGE = YES_ERROR;
				CLANG_WARN_DOCUMENTATION_COMMENTS = YES;
				CLANG_WARN_EMPTY_BODY = YES;
				CLANG_WARN_ENUM_CONVERSION = YES;
				CLANG_WARN_INFINITE_RECURSION = YES;
				CLANG_WARN_INT_CONVERSION = YES;
				CLANG_WARN_NON_LITERAL_NULL_CONVERSION = YES;
				CLANG_WARN_OBJC_IMPLICIT_RETAIN_SELF = YES;
				CLANG_WARN_OBJC_LITERAL_CONVERSION = YES;
				CLANG_WARN_OBJC_ROOT_CLASS = YES_ERROR;
				CLANG_WARN_RANGE_LOOP_ANALYSIS = YES;
				CLANG_WARN_STRICT_PROTOTYPES = YES;
				CLANG_WARN_SUSPICIOUS_MOVE = YES;
				CLANG_WARN_UNGUARDED_AVAILABILITY = YES_AGGRESSIVE;
				CLANG_WARN_UNREACHABLE_CODE = YES;
				CLANG_WARN__DUPLICATE_METHOD_MATCH = YES;
				CODE_SIGN_IDENTITY = "iPhone Developer";
				COPY_PHASE_STRIP = NO;
				DEBUG_INFORMATION_FORMAT = "dwarf-with-dsym";
				ENABLE_NS_ASSERTIONS = NO;
				ENABLE_STRICT_OBJC_MSGSEND = YES;
				GCC_C_LANGUAGE_STANDARD = gnu11;
				GCC_NO_COMMON_BLOCKS = YES;
				GCC_WARN_64_TO_32_BIT_CONVERSION = YES;
				GCC_WARN_ABOUT_RETURN_TYPE = YES_ERROR;
				GCC_WARN_UNDECLARED_SELECTOR = YES;
				GCC_WARN_UNINITIALIZED_AUTOS = YES_AGGRESSIVE;
				GCC_WARN_UNUSED_FUNCTION = YES;
				GCC_WARN_UNUSED_VARIABLE = YES;
				IPHONEOS_DEPLOYMENT_TARGET = 8.0;
				MTL_ENABLE_DEBUG_INFO = NO;
				SDKROOT = iphoneos;
				SWIFT_COMPILATION_MODE = wholemodule;
				SWIFT_OPTIMIZATION_LEVEL = "-O";
				VALIDATE_PRODUCT = YES;
			};
			name = Release;
		};
		64A1119820CFCB5F002B7E12 /* Debug */ = {
			isa = XCBuildConfiguration;
			baseConfigurationReference = D0C31826F36A1AD21C831A87 /* Pods-Weibo.debug.xcconfig */;
			buildSettings = {
				ASSETCATALOG_COMPILER_APPICON_NAME = AppIcon;
				CODE_SIGN_STYLE = Manual;
				DEVELOPMENT_TEAM = "";
				INFOPLIST_FILE = "$(SRCROOT)/Weibo/Resources/Info.plist";
				LD_RUNPATH_SEARCH_PATHS = (
					"$(inherited)",
					"@executable_path/Frameworks",
				);
				PRODUCT_BUNDLE_IDENTIFIER = WB.Weibo;
				PRODUCT_NAME = "$(TARGET_NAME)";
				PROVISIONING_PROFILE_SPECIFIER = "";
				SWIFT_OBJC_BRIDGING_HEADER = "Weibo/Weibo-Bridge.h";
				SWIFT_VERSION = 4.0;
				TARGETED_DEVICE_FAMILY = 1;
			};
			name = Debug;
		};
		64A1119920CFCB5F002B7E12 /* Release */ = {
			isa = XCBuildConfiguration;
			baseConfigurationReference = 92AC53811D27D9D552DF496B /* Pods-Weibo.release.xcconfig */;
			buildSettings = {
				ASSETCATALOG_COMPILER_APPICON_NAME = AppIcon;
				CODE_SIGN_STYLE = Manual;
				DEVELOPMENT_TEAM = "";
				INFOPLIST_FILE = "$(SRCROOT)/Weibo/Resources/Info.plist";
				LD_RUNPATH_SEARCH_PATHS = (
					"$(inherited)",
					"@executable_path/Frameworks",
				);
				PRODUCT_BUNDLE_IDENTIFIER = WB.Weibo;
				PRODUCT_NAME = "$(TARGET_NAME)";
				PROVISIONING_PROFILE_SPECIFIER = "";
				SWIFT_OBJC_BRIDGING_HEADER = "Weibo/Weibo-Bridge.h";
				SWIFT_VERSION = 4.0;
				TARGETED_DEVICE_FAMILY = 1;
			};
			name = Release;
		};
/* End XCBuildConfiguration section */

/* Begin XCConfigurationList section */
		64A1118020CFCB46002B7E12 /* Build configuration list for PBXProject "Weibo" */ = {
			isa = XCConfigurationList;
			buildConfigurations = (
				64A1119520CFCB5F002B7E12 /* Debug */,
				64A1119620CFCB5F002B7E12 /* Release */,
			);
			defaultConfigurationIsVisible = 0;
			defaultConfigurationName = Release;
		};
		64A1119720CFCB5F002B7E12 /* Build configuration list for PBXNativeTarget "Weibo" */ = {
			isa = XCConfigurationList;
			buildConfigurations = (
				64A1119820CFCB5F002B7E12 /* Debug */,
				64A1119920CFCB5F002B7E12 /* Release */,
			);
			defaultConfigurationIsVisible = 0;
			defaultConfigurationName = Release;
		};
/* End XCConfigurationList section */
	};
	rootObject = 64A1117D20CFCB45002B7E12 /* Project object */;
}
